
Microsoft Visual Studio Solution File, Format Version 12.00
# Visual Studio 15
VisualStudioVersion = 15.0.28307.1800
MinimumVisualStudioVersion = 10.0.40219.1
Project("{151D2E53-A2C4-4D7D-83FE-D05416EBD58E}") = "AzureResourceGroup5", "AzureResourceGroup5\AzureResourceGroup5.deployproj", "{3514E6F4-06A8-441E-B6B4-D05DFA851445}"
EndProject
Global
	GlobalSection(SolutionConfigurationPlatforms) = preSolution
		Debug|Any CPU = Debug|Any CPU
		Release|Any CPU = Release|Any CPU
	EndGlobalSection
	GlobalSection(ProjectConfigurationPlatforms) = postSolution
		{3514E6F4-06A8-441E-B6B4-D05DFA851445}.Debug|Any CPU.ActiveCfg = Debug|Any CPU
		{3514E6F4-06A8-441E-B6B4-D05DFA851445}.Debug|Any CPU.Build.0 = Debug|Any CPU
		{3514E6F4-06A8-441E-B6B4-D05DFA851445}.Release|Any CPU.ActiveCfg = Release|Any CPU
		{3514E6F4-06A8-441E-B6B4-D05DFA851445}.Release|Any CPU.Build.0 = Release|Any CPU
	EndGlobalSection
	GlobalSection(SolutionProperties) = preSolution
		HideSolutionNode = FALSE
	EndGlobalSection
	GlobalSection(ExtensibilityGlobals) = postSolution
		SolutionGuid = {097566AE-DB79-4709-90CB-34D6A26F5A72}
	EndGlobalSection
EndGlobal
